{
  "requires": true,
  "lockfileVersion": 1,
  "dependencies": {
    "rx": {
      "version": "4.1.0",
      "resolved": "http://npm.zhenguanyu.com/rx/download/rx-4.1.0.tgz",
      "integrity": "sha1-pfE/957zt0D+MKqAP7CfmIBdR4I="
    },
    "rxjs": {
      "version": "6.5.3",
      "resolved": "http://npm.zhenguanyu.com/rxjs/download/rxjs-6.5.3.tgz",
      "integrity": "sha1-UQ4mMX9NuRp+sd532d2boKSJmjo=",
      "requires": {
        "tslib": "^1.9.0"
      }
    },
    "tslib": {
      "version": "1.10.0",
      "resolved": "http://npm.zhenguanyu.com/tslib/download/tslib-1.10.0.tgz",
      "integrity": "sha1-w8GflZc/sKYpc/sJ2Q2WHuQ+XIo="
    }
  }
}
